
Microsoft Visual Studio Solution File, Format Version 12.00
# Visual Studio 15
VisualStudioVersion = 15.0.27703.2035
MinimumVisualStudioVersion = 10.0.40219.1
Project("{8BC9CEB8-8B4A-11D0-8D11-00A0C91BC942}") = "GoldenAgeGameServer", "GoldenAgeGameServer\GoldenAgeGameServer.vcxproj", "{C164B1B2-0E8F-4290-B601-A4B7605F3F03}"
EndProject
Project("{8BC9CEB8-8B4A-11D0-8D11-00A0C91BC942}") = "GoldenAgeClient", "GoldenAgeClient\GoldenAgeClient.vcxproj", "{4226FB02-4728-47DC-8427-2B4E2E3D0950}"
EndProject
Project("{8BC9CEB8-8B4A-11D0-8D11-00A0C91BC942}") = "GoldenAgeLoginServer", "GoldenAgeLoginServer\GoldenAgeLoginServer.vcxproj", "{E94C1D71-3C65-4BD9-AE18-18F9876E9F7D}"
EndProject
Project("{2150E333-8FDC-42A3-9474-1A3956D46DE8}") = "include", "include", "{FEB37CD5-59CC-4ADA-AAFF-6E2F4C3B74BF}"
	ProjectSection(SolutionItems) = preProject
		include\GoldenAge\cryptinfo.h = include\GoldenAge\cryptinfo.h
		include\GoldenAge\Debug.h = include\GoldenAge\Debug.h
		include\GoldenAge\winsockwrapper.h = include\GoldenAge\winsockwrapper.h
	EndProjectSection
EndProject
Global
	GlobalSection(SolutionConfigurationPlatforms) = preSolution
		Debug|x64 = Debug|x64
		Debug|x86 = Debug|x86
		Release|x64 = Release|x64
		Release|x86 = Release|x86
	EndGlobalSection
	GlobalSection(ProjectConfigurationPlatforms) = postSolution
		{C164B1B2-0E8F-4290-B601-A4B7605F3F03}.Debug|x64.ActiveCfg = Debug|x64
		{C164B1B2-0E8F-4290-B601-A4B7605F3F03}.Debug|x64.Build.0 = Debug|x64
		{C164B1B2-0E8F-4290-B601-A4B7605F3F03}.Debug|x86.ActiveCfg = Debug|Win32
		{C164B1B2-0E8F-4290-B601-A4B7605F3F03}.Debug|x86.Build.0 = Debug|Win32
		{C164B1B2-0E8F-4290-B601-A4B7605F3F03}.Release|x64.ActiveCfg = Release|x64
		{C164B1B2-0E8F-4290-B601-A4B7605F3F03}.Release|x64.Build.0 = Release|x64
		{C164B1B2-0E8F-4290-B601-A4B7605F3F03}.Release|x86.ActiveCfg = Release|Win32
		{C164B1B2-0E8F-4290-B601-A4B7605F3F03}.Release|x86.Build.0 = Release|Win32
		{4226FB02-4728-47DC-8427-2B4E2E3D0950}.Debug|x64.ActiveCfg = Debug|x64
		{4226FB02-4728-47DC-8427-2B4E2E3D0950}.Debug|x64.Build.0 = Debug|x64
		{4226FB02-4728-47DC-8427-2B4E2E3D0950}.Debug|x86.ActiveCfg = Debug|Win32
		{4226FB02-4728-47DC-8427-2B4E2E3D0950}.Debug|x86.Build.0 = Debug|Win32
		{4226FB02-4728-47DC-8427-2B4E2E3D0950}.Release|x64.ActiveCfg = Release|x64
		{4226FB02-4728-47DC-8427-2B4E2E3D0950}.Release|x64.Build.0 = Release|x64
		{4226FB02-4728-47DC-8427-2B4E2E3D0950}.Release|x86.ActiveCfg = Release|Win32
		{4226FB02-4728-47DC-8427-2B4E2E3D0950}.Release|x86.Build.0 = Release|Win32
		{E94C1D71-3C65-4BD9-AE18-18F9876E9F7D}.Debug|x64.ActiveCfg = Debug|x64
		{E94C1D71-3C65-4BD9-AE18-18F9876E9F7D}.Debug|x64.Build.0 = Debug|x64
		{E94C1D71-3C65-4BD9-AE18-18F9876E9F7D}.Debug|x86.ActiveCfg = Debug|Win32
		{E94C1D71-3C65-4BD9-AE18-18F9876E9F7D}.Debug|x86.Build.0 = Debug|Win32
		{E94C1D71-3C65-4BD9-AE18-18F9876E9F7D}.Release|x64.ActiveCfg = Release|x64
		{E94C1D71-3C65-4BD9-AE18-18F9876E9F7D}.Release|x64.Build.0 = Release|x64
		{E94C1D71-3C65-4BD9-AE18-18F9876E9F7D}.Release|x86.ActiveCfg = Release|Win32
		{E94C1D71-3C65-4BD9-AE18-18F9876E9F7D}.Release|x86.Build.0 = Release|Win32
	EndGlobalSection
	GlobalSection(SolutionProperties) = preSolution
		HideSolutionNode = FALSE
	EndGlobalSection
	GlobalSection(ExtensibilityGlobals) = postSolution
		SolutionGuid = {44DD4BE8-600B-4D04-88BE-E1259CCA8226}
	EndGlobalSection
EndGlobal
